
Microsoft Visual Studio Solution File, Format Version 12.00
# Visual Studio Version 17
VisualStudioVersion = 17.7.34003.232
MinimumVisualStudioVersion = 10.0.40219.1
Project("{FAE04EC0-301F-11D3-BF4B-00C04F79EFBC}") = "HRMBackend", "HRMBackend\HRMBackend.csproj", "{17BF0757-E5C7-4DEF-8413-62FEED4D4E90}"
EndProject
Global
	GlobalSection(SolutionConfigurationPlatforms) = preSolution
		Debug|Any CPU = Debug|Any CPU
		Release|Any CPU = Release|Any CPU
	EndGlobalSection
	GlobalSection(ProjectConfigurationPlatforms) = postSolution
		{17BF0757-E5C7-4DEF-8413-62FEED4D4E90}.Debug|Any CPU.ActiveCfg = Debug|Any CPU
		{17BF0757-E5C7-4DEF-8413-62FEED4D4E90}.Debug|Any CPU.Build.0 = Debug|Any CPU
		{17BF0757-E5C7-4DEF-8413-62FEED4D4E90}.Release|Any CPU.ActiveCfg = Release|Any CPU
		{17BF0757-E5C7-4DEF-8413-62FEED4D4E90}.Release|Any CPU.Build.0 = Release|Any CPU
	EndGlobalSection
	GlobalSection(SolutionProperties) = preSolution
		HideSolutionNode = FALSE
	EndGlobalSection
	GlobalSection(ExtensibilityGlobals) = postSolution
		SolutionGuid = {C9097C5D-5841-4C89-BAB7-E2EA77E426B6}
	EndGlobalSection
EndGlobal
